
Microsoft Visual Studio Solution File, Format Version 12.00
# Visual Studio Version 17
VisualStudioVersion = 17.14.36811.4
MinimumVisualStudioVersion = 10.0.40219.1
Project("{FAE04EC0-301F-11D3-BF4B-00C04F79EFBC}") = "CommentSentimentApi", "CommentSentimentApi\CommentSentimentApi.csproj", "{55F6112B-60F8-4EDE-979E-4F602AD8BDA2}"
EndProject
Project("{FAE04EC0-301F-11D3-BF4B-00C04F79EFBC}") = "CommentSentimentApi.Tests", "CommentSentimentApi.Tests\CommentSentimentApi.Tests.csproj", "{C9376764-0FA0-4F7A-BC72-FC4344FD3279}"
EndProject
Global
	GlobalSection(SolutionConfigurationPlatforms) = preSolution
		Debug|Any CPU = Debug|Any CPU
		Debug|x64 = Debug|x64
		Debug|x86 = Debug|x86
		Release|Any CPU = Release|Any CPU
		Release|x64 = Release|x64
		Release|x86 = Release|x86
	EndGlobalSection
	GlobalSection(ProjectConfigurationPlatforms) = postSolution
		{55F6112B-60F8-4EDE-979E-4F602AD8BDA2}.Debug|Any CPU.ActiveCfg = Debug|Any CPU
		{55F6112B-60F8-4EDE-979E-4F602AD8BDA2}.Debug|Any CPU.Build.0 = Debug|Any CPU
		{55F6112B-60F8-4EDE-979E-4F602AD8BDA2}.Debug|x64.ActiveCfg = Debug|Any CPU
		{55F6112B-60F8-4EDE-979E-4F602AD8BDA2}.Debug|x64.Build.0 = Debug|Any CPU
		{55F6112B-60F8-4EDE-979E-4F602AD8BDA2}.Debug|x86.ActiveCfg = Debug|Any CPU
		{55F6112B-60F8-4EDE-979E-4F602AD8BDA2}.Debug|x86.Build.0 = Debug|Any CPU
		{55F6112B-60F8-4EDE-979E-4F602AD8BDA2}.Release|Any CPU.ActiveCfg = Release|Any CPU
		{55F6112B-60F8-4EDE-979E-4F602AD8BDA2}.Release|Any CPU.Build.0 = Release|Any CPU
		{55F6112B-60F8-4EDE-979E-4F602AD8BDA2}.Release|x64.ActiveCfg = Release|Any CPU
		{55F6112B-60F8-4EDE-979E-4F602AD8BDA2}.Release|x64.Build.0 = Release|Any CPU
		{55F6112B-60F8-4EDE-979E-4F602AD8BDA2}.Release|x86.ActiveCfg = Release|Any CPU
		{55F6112B-60F8-4EDE-979E-4F602AD8BDA2}.Release|x86.Build.0 = Release|Any CPU
		{C9376764-0FA0-4F7A-BC72-FC4344FD3279}.Debug|Any CPU.ActiveCfg = Debug|Any CPU
		{C9376764-0FA0-4F7A-BC72-FC4344FD3279}.Debug|Any CPU.Build.0 = Debug|Any CPU
		{C9376764-0FA0-4F7A-BC72-FC4344FD3279}.Debug|x64.ActiveCfg = Debug|Any CPU
		{C9376764-0FA0-4F7A-BC72-FC4344FD3279}.Debug|x64.Build.0 = Debug|Any CPU
		{C9376764-0FA0-4F7A-BC72-FC4344FD3279}.Debug|x86.ActiveCfg = Debug|Any CPU
		{C9376764-0FA0-4F7A-BC72-FC4344FD3279}.Debug|x86.Build.0 = Debug|Any CPU
		{C9376764-0FA0-4F7A-BC72-FC4344FD3279}.Release|Any CPU.ActiveCfg = Release|Any CPU
		{C9376764-0FA0-4F7A-BC72-FC4344FD3279}.Release|Any CPU.Build.0 = Release|Any CPU
		{C9376764-0FA0-4F7A-BC72-FC4344FD3279}.Release|x64.ActiveCfg = Release|Any CPU
		{C9376764-0FA0-4F7A-BC72-FC4344FD3279}.Release|x64.Build.0 = Release|Any CPU
		{C9376764-0FA0-4F7A-BC72-FC4344FD3279}.Release|x86.ActiveCfg = Release|Any CPU
		{C9376764-0FA0-4F7A-BC72-FC4344FD3279}.Release|x86.Build.0 = Release|Any CPU
	EndGlobalSection
	GlobalSection(SolutionProperties) = preSolution
		HideSolutionNode = FALSE
	EndGlobalSection
	GlobalSection(ExtensibilityGlobals) = postSolution
		SolutionGuid = {DE88B72C-3E2C-4470-B07F-8E88D375DBFA}
	EndGlobalSection
EndGlobal
